
Microsoft Visual Studio Solution File, Format Version 12.00
# Visual Studio Version 17
VisualStudioVersion = 17.14.36930.0
MinimumVisualStudioVersion = 10.0.40219.1
Project("{2150E333-8FDC-42A3-9474-1A3956D46DE8}") = "Level1.CSharpOOP", "Level1.CSharpOOP", "{02EA681E-C7D8-13C7-8484-4AC65E1B71E8}"
EndProject
Project("{2150E333-8FDC-42A3-9474-1A3956D46DE8}") = "Level1.ExceptionHandling", "Level1.ExceptionHandling", "{1C26074A-3FC8-40A7-9205-00E56E69DF19}"
EndProject
Project("{FAE04EC0-301F-11D3-BF4B-00C04F79EFBC}") = "Level1-CSharp-OOP-StudentManagement-Codveda", "Level1\level1 c# - oop\Level1-CSharp-OOP-StudentManagement-Codvead\Level1-CSharp-OOP-StudentManagement-Codveda.csproj", "{183D3B66-45AF-002C-8EE6-32CB9F6BC6BF}"
EndProject
Project("{FAE04EC0-301F-11D3-BF4B-00C04F79EFBC}") = "StudentManagement.Models", "Level1\level1 c# - oop\StudentManagement.Models\StudentManagement.Models.csproj", "{9907AB1B-D091-2C6A-3FDB-9F96A8F04042}"
EndProject
Project("{FAE04EC0-301F-11D3-BF4B-00C04F79EFBC}") = "StudentManagement.Services", "Level1\level1 c# - oop\StudentManagement.Services\StudentManagement.Services.csproj", "{2F7FCDB9-0C27-370D-816F-E22CC05B1B15}"
EndProject
Project("{FAE04EC0-301F-11D3-BF4B-00C04F79EFBC}") = "Level1-ExceptionHandlingDemo", "Level1\level1-ExceptionHandlingDemo\Level1-ExceptionHandlingDemo.csproj", "{D720F6B7-C720-08CA-9679-B3D0B493389D}"
EndProject
Global
	GlobalSection(SolutionConfigurationPlatforms) = preSolution
		Debug|Any CPU = Debug|Any CPU
		Release|Any CPU = Release|Any CPU
	EndGlobalSection
	GlobalSection(ProjectConfigurationPlatforms) = postSolution
		{183D3B66-45AF-002C-8EE6-32CB9F6BC6BF}.Debug|Any CPU.ActiveCfg = Debug|Any CPU
		{183D3B66-45AF-002C-8EE6-32CB9F6BC6BF}.Debug|Any CPU.Build.0 = Debug|Any CPU
		{183D3B66-45AF-002C-8EE6-32CB9F6BC6BF}.Release|Any CPU.ActiveCfg = Release|Any CPU
		{183D3B66-45AF-002C-8EE6-32CB9F6BC6BF}.Release|Any CPU.Build.0 = Release|Any CPU
		{9907AB1B-D091-2C6A-3FDB-9F96A8F04042}.Debug|Any CPU.ActiveCfg = Debug|Any CPU
		{9907AB1B-D091-2C6A-3FDB-9F96A8F04042}.Debug|Any CPU.Build.0 = Debug|Any CPU
		{9907AB1B-D091-2C6A-3FDB-9F96A8F04042}.Release|Any CPU.ActiveCfg = Release|Any CPU
		{9907AB1B-D091-2C6A-3FDB-9F96A8F04042}.Release|Any CPU.Build.0 = Release|Any CPU
		{2F7FCDB9-0C27-370D-816F-E22CC05B1B15}.Debug|Any CPU.ActiveCfg = Debug|Any CPU
		{2F7FCDB9-0C27-370D-816F-E22CC05B1B15}.Debug|Any CPU.Build.0 = Debug|Any CPU
		{2F7FCDB9-0C27-370D-816F-E22CC05B1B15}.Release|Any CPU.ActiveCfg = Release|Any CPU
		{2F7FCDB9-0C27-370D-816F-E22CC05B1B15}.Release|Any CPU.Build.0 = Release|Any CPU
		{D720F6B7-C720-08CA-9679-B3D0B493389D}.Debug|Any CPU.ActiveCfg = Debug|Any CPU
		{D720F6B7-C720-08CA-9679-B3D0B493389D}.Debug|Any CPU.Build.0 = Debug|Any CPU
		{D720F6B7-C720-08CA-9679-B3D0B493389D}.Release|Any CPU.ActiveCfg = Release|Any CPU
		{D720F6B7-C720-08CA-9679-B3D0B493389D}.Release|Any CPU.Build.0 = Release|Any CPU
	EndGlobalSection
	GlobalSection(SolutionProperties) = preSolution
		HideSolutionNode = FALSE
	EndGlobalSection
	GlobalSection(NestedProjects) = preSolution
		{183D3B66-45AF-002C-8EE6-32CB9F6BC6BF} = {02EA681E-C7D8-13C7-8484-4AC65E1B71E8}
		{9907AB1B-D091-2C6A-3FDB-9F96A8F04042} = {02EA681E-C7D8-13C7-8484-4AC65E1B71E8}
		{2F7FCDB9-0C27-370D-816F-E22CC05B1B15} = {02EA681E-C7D8-13C7-8484-4AC65E1B71E8}
		{D720F6B7-C720-08CA-9679-B3D0B493389D} = {1C26074A-3FC8-40A7-9205-00E56E69DF19}
	EndGlobalSection
	GlobalSection(ExtensibilityGlobals) = postSolution
		SolutionGuid = {CFAAA2C9-629A-4ED1-B0C0-1AEA90781663}
	EndGlobalSection
EndGlobal
